{
  "pins" : [
    {
      "identity" : "vdtransition",
      "kind" : "remoteSourceControl",
      "location" : "https://github.com/dankinsoid/VDTransition.git",
      "state" : {
        "revision" : "9f1e97a138ba9df52081432cc56a66aa2b2893a3",
        "version" : "2.0.1"
      }
    }
  ],
  "version" : 2
}
