{
  "pins" : [
    {
      "identity" : "vdtransition",
      "kind" : "remoteSourceControl",
      "location" : "https://github.com/dankinsoid/VDTransition.git",
      "state" : {
        "revision" : "e93b372f529f89b39e45fcbb66cde0b4abbcf12b",
        "version" : "1.21.0"
      }
    }
  ],
  "version" : 2
}
