{
  "pins" : [
    {
      "identity" : "vdtransition",
      "kind" : "remoteSourceControl",
      "location" : "https://github.com/dankinsoid/VDTransition.git",
      "state" : {
        "revision" : "1e0b80b09162c3bbd13ce9df1e9412967009c556",
        "version" : "1.19.0"
      }
    }
  ],
  "version" : 2
}
