{
  "pins" : [
    {
      "identity" : "vdtransition",
      "kind" : "remoteSourceControl",
      "location" : "https://github.com/dankinsoid/VDTransition.git",
      "state" : {
        "revision" : "c75e2f9d916817e1085a2715e0c212b24c141f32",
        "version" : "1.24.0"
      }
    }
  ],
  "version" : 2
}
